
Microsoft Visual Studio Solution File, Format Version 12.00
# Visual Studio Version 17
VisualStudioVersion = 17.11.35208.52
MinimumVisualStudioVersion = 10.0.40219.1
Project("{FAE04EC0-301F-11D3-BF4B-00C04F79EFBC}") = "Inventario.COMMON", "Inventario.COMMON\Inventario.COMMON.csproj", "{5F14BA85-F8CF-4005-9AF2-0BE686184E31}"
EndProject
Project("{FAE04EC0-301F-11D3-BF4B-00C04F79EFBC}") = "Inventario.DAL", "Inventario.DAL\Inventario.DAL.csproj", "{9802D560-B3CE-4659-9C1B-E95C89CF1AA1}"
EndProject
Global
	GlobalSection(SolutionConfigurationPlatforms) = preSolution
		Debug|Any CPU = Debug|Any CPU
		Release|Any CPU = Release|Any CPU
	EndGlobalSection
	GlobalSection(ProjectConfigurationPlatforms) = postSolution
		{5F14BA85-F8CF-4005-9AF2-0BE686184E31}.Debug|Any CPU.ActiveCfg = Debug|Any CPU
		{5F14BA85-F8CF-4005-9AF2-0BE686184E31}.Debug|Any CPU.Build.0 = Debug|Any CPU
		{5F14BA85-F8CF-4005-9AF2-0BE686184E31}.Release|Any CPU.ActiveCfg = Release|Any CPU
		{5F14BA85-F8CF-4005-9AF2-0BE686184E31}.Release|Any CPU.Build.0 = Release|Any CPU
		{9802D560-B3CE-4659-9C1B-E95C89CF1AA1}.Debug|Any CPU.ActiveCfg = Debug|Any CPU
		{9802D560-B3CE-4659-9C1B-E95C89CF1AA1}.Debug|Any CPU.Build.0 = Debug|Any CPU
		{9802D560-B3CE-4659-9C1B-E95C89CF1AA1}.Release|Any CPU.ActiveCfg = Release|Any CPU
		{9802D560-B3CE-4659-9C1B-E95C89CF1AA1}.Release|Any CPU.Build.0 = Release|Any CPU
	EndGlobalSection
	GlobalSection(SolutionProperties) = preSolution
		HideSolutionNode = FALSE
	EndGlobalSection
	GlobalSection(ExtensibilityGlobals) = postSolution
		SolutionGuid = {A7BC82ED-D6E4-4DCC-87AA-80051AD9D2A4}
	EndGlobalSection
EndGlobal
